
Microsoft Visual Studio Solution File, Format Version 12.00
# Visual Studio Version 17
VisualStudioVersion = 17.11.35208.52
MinimumVisualStudioVersion = 10.0.40219.1
Project("{FAE04EC0-301F-11D3-BF4B-00C04F79EFBC}") = "EjemploABMCompleto", "EjemploABMCompleto.csproj", "{3246E640-45D4-4A79-9653-B33849763EA4}"
EndProject
Global
	GlobalSection(SolutionConfigurationPlatforms) = preSolution
		Debug|Any CPU = Debug|Any CPU
		Release|Any CPU = Release|Any CPU
	EndGlobalSection
	GlobalSection(ProjectConfigurationPlatforms) = postSolution
		{3246E640-45D4-4A79-9653-B33849763EA4}.Debug|Any CPU.ActiveCfg = Debug|Any CPU
		{3246E640-45D4-4A79-9653-B33849763EA4}.Debug|Any CPU.Build.0 = Debug|Any CPU
		{3246E640-45D4-4A79-9653-B33849763EA4}.Release|Any CPU.ActiveCfg = Release|Any CPU
		{3246E640-45D4-4A79-9653-B33849763EA4}.Release|Any CPU.Build.0 = Release|Any CPU
	EndGlobalSection
	GlobalSection(SolutionProperties) = preSolution
		HideSolutionNode = FALSE
	EndGlobalSection
	GlobalSection(ExtensibilityGlobals) = postSolution
		SolutionGuid = {ABCCC747-700F-4F2A-B4B2-939B15640A91}
	EndGlobalSection
EndGlobal
